
Microsoft Visual Studio Solution File, Format Version 12.00
# Visual Studio 2012
Project("{FAE04EC0-301F-11D3-BF4B-00C04F79EFBC}") = "Concertroid.Renderer", "Concertroid.Renderer\Concertroid.Renderer.csproj", "{40F9FEF7-08C2-4B97-8346-1CFC7000F561}"
EndProject
Project("{FAE04EC0-301F-11D3-BF4B-00C04F79EFBC}") = "UniversalEditor.UserInterface.WindowsForms.DesktopApplication", "..\..\Libraries\UniversalEditor\Applications\UniversalEditor.UserInterface.WindowsForms.DesktopApplication\UniversalEditor.UserInterface.WindowsForms.DesktopApplication.csproj", "{118E40C4-323E-4B4B-8EF4-38EED6CC5E83}"
EndProject
Project("{FAE04EC0-301F-11D3-BF4B-00C04F79EFBC}") = "Glue", "..\..\Libraries\Glue\Glue\Glue.csproj", "{FE016EA3-DC31-4A92-8B0A-8C746EC117E1}"
EndProject
Project("{FAE04EC0-301F-11D3-BF4B-00C04F79EFBC}") = "UniversalWidgetToolkit", "..\..\Libraries\UniversalWidgetToolkit\UniversalWidgetToolkit\UniversalWidgetToolkit.csproj", "{22CDF0F1-806D-4CBF-BB1E-C32014FF6503}"
EndProject
Project("{FAE04EC0-301F-11D3-BF4B-00C04F79EFBC}") = "AwesomeControls", "..\..\Libraries\AwesomeControls\AwesomeControls\AwesomeControls.csproj", "{617D9EB5-CA93-45D6-AA6B-5A012B7698AC}"
EndProject
Project("{FAE04EC0-301F-11D3-BF4B-00C04F79EFBC}") = "UniversalWidgetToolkit.Binders.WindowsFormsBinder", "..\..\Libraries\UniversalWidgetToolkit\UniversalWidgetToolkit.Binders.WindowsFormsBinder\UniversalWidgetToolkit.Binders.WindowsFormsBinder.csproj", "{72822283-8F81-4705-9D67-9A2335981C80}"
EndProject
Project("{FAE04EC0-301F-11D3-BF4B-00C04F79EFBC}") = "Concertroid.SelfExtractor", "Concertroid.SelfExtractor\Concertroid.SelfExtractor.csproj", "{B25C5146-C3C1-48F2-B0AC-0CE7A3358CF7}"
EndProject
Project("{FAE04EC0-301F-11D3-BF4B-00C04F79EFBC}") = "Caltron", "..\..\Libraries\Caltron\Caltron\Caltron.csproj", "{ED627DF7-3E78-4428-AB31-810BA1586E62}"
EndProject
Project("{FAE04EC0-301F-11D3-BF4B-00C04F79EFBC}") = "UniversalEditor.Plugins.Multimedia", "..\..\Libraries\UniversalEditor\Plugins\UniversalEditor.Plugins.Multimedia\UniversalEditor.Plugins.Multimedia.csproj", "{BE4D0BA3-0888-42A5-9C09-FC308A4509D2}"
EndProject
Project("{FAE04EC0-301F-11D3-BF4B-00C04F79EFBC}") = "UniversalEditor.Plugins.Multimedia3D", "..\..\Libraries\UniversalEditor\Plugins\UniversalEditor.Plugins.Multimedia3D\UniversalEditor.Plugins.Multimedia3D.csproj", "{4FD9DB1D-76AA-48D1-8446-95376C4A2BC2}"
EndProject
Project("{FAE04EC0-301F-11D3-BF4B-00C04F79EFBC}") = "Neo", "..\..\Libraries\Neo\Neo\Neo.csproj", "{AF46D67F-5172-40E9-A0E5-7A25BDF874FD}"
EndProject
Project("{FAE04EC0-301F-11D3-BF4B-00C04F79EFBC}") = "Surodoine", "..\..\Libraries\Surodoine\Surodoine\Surodoine.csproj", "{E0897B7B-617A-4709-A4C6-FC0F6B441B2A}"
EndProject
Project("{FAE04EC0-301F-11D3-BF4B-00C04F79EFBC}") = "Concertroid.ConfigurationWizard", "Concertroid.ConfigurationWizard\Concertroid.ConfigurationWizard.csproj", "{282F6754-975A-459C-99F1-C02E94B89FCE}"
EndProject
Project("{FAE04EC0-301F-11D3-BF4B-00C04F79EFBC}") = "Concertroid.Networking", "Concertroid.Networking\Concertroid.Networking.csproj", "{6184C22E-52E8-4C92-B0D0-0424FC84AD99}"
EndProject
Project("{FAE04EC0-301F-11D3-BF4B-00C04F79EFBC}") = "Concertroid.MusicianBuddy", "Concertroid.MusicianBuddy\Concertroid.MusicianBuddy.csproj", "{091FA5BB-751E-4DB5-A999-7B18B619723A}"
EndProject
Project("{FAE04EC0-301F-11D3-BF4B-00C04F79EFBC}") = "Caltron.Binders.WindowsFormsBinder", "Caltron.Binders.WindowsFormsBinder\Caltron.Binders.WindowsFormsBinder.csproj", "{540D3CCC-49A0-4336-8BD2-6AE3F48CCA12}"
EndProject
Project("{FAE04EC0-301F-11D3-BF4B-00C04F79EFBC}") = "UniversalEditor.Plugins.AniMiku", "..\..\Libraries\UniversalEditor\Plugins\UniversalEditor.Plugins.AniMiku\UniversalEditor.Plugins.AniMiku.csproj", "{FEC4EAD0-8A6E-4029-A537-EBD9F420B227}"
EndProject
Project("{FAE04EC0-301F-11D3-BF4B-00C04F79EFBC}") = "UniversalEditor.UserInterface.WindowsForms", "..\..\Libraries\UniversalEditor\Libraries\UniversalEditor.UserInterface.WindowsForms\UniversalEditor.UserInterface.WindowsForms.csproj", "{BCBB72BD-0ECB-4FF2-8D91-E466361FB6F9}"
EndProject
Project("{FAE04EC0-301F-11D3-BF4B-00C04F79EFBC}") = "UniversalEditor.Plugins.Concertroid", "..\..\Libraries\UniversalEditor\Plugins\UniversalEditor.Plugins.Concertroid\UniversalEditor.Plugins.Concertroid.csproj", "{D3BBDA07-5088-454E-A16D-DA24D8D88037}"
EndProject
Project("{FAE04EC0-301F-11D3-BF4B-00C04F79EFBC}") = "UniversalEditor.Core", "..\..\Libraries\UniversalEditor\Libraries\UniversalEditor.Core\UniversalEditor.Core.csproj", "{A92D520B-FFA3-4464-8CF6-474D18959E03}"
EndProject
Project("{FAE04EC0-301F-11D3-BF4B-00C04F79EFBC}") = "UniversalEditor.UserInterface", "..\..\Libraries\UniversalEditor\Libraries\UniversalEditor.UserInterface\UniversalEditor.UserInterface.csproj", "{8622EBC4-8E20-476E-B284-33D472081F5C}"
EndProject
Project("{FAE04EC0-301F-11D3-BF4B-00C04F79EFBC}") = "UniversalEditor.Plugins.Multimedia.Binders.GdiPlus", "..\..\Libraries\UniversalEditor\Plugins\UniversalEditor.Plugins.Multimedia.Binders.GdiPlus\UniversalEditor.Plugins.Multimedia.Binders.GdiPlus.csproj", "{369CFD53-3E65-4A9E-8BDD-4CCD78BF3E33}"
EndProject
Project("{FAE04EC0-301F-11D3-BF4B-00C04F79EFBC}") = "Caltron.ImageViewer", "..\..\Libraries\Caltron\Caltron.ImageViewer\Caltron.ImageViewer.csproj", "{9B59F3A2-F2D2-408C-9BB4-6980546CF841}"
EndProject
Project("{FAE04EC0-301F-11D3-BF4B-00C04F79EFBC}") = "Joypad", "..\..\Libraries\Joypad\Joypad\Joypad.csproj", "{0B359B15-3E70-4E33-892A-C7FEB3AF961D}"
EndProject
Project("{FAE04EC0-301F-11D3-BF4B-00C04F79EFBC}") = "UniversalEditor.Plugins.Moosta", "..\..\Libraries\UniversalEditor\Plugins\UniversalEditor.Plugins.Moosta\UniversalEditor.Plugins.Moosta.csproj", "{10B9B771-9939-4D0B-8D47-501B6F60209F}"
EndProject
Project("{FAE04EC0-301F-11D3-BF4B-00C04F79EFBC}") = "UniversalEditor.Plugins.Avalanche", "..\..\Libraries\UniversalEditor\Plugins\UniversalEditor.Plugins.Avalanche\UniversalEditor.Plugins.Avalanche.csproj", "{828C6BB6-3543-4EAF-B0F9-F11410AE8836}"
EndProject
Project("{2150E333-8FDC-42A3-9474-1A3956D46DE8}") = "UniversalEditor Plugins", "UniversalEditor Plugins", "{A48F6C05-E8CE-4D3B-A477-BAAACF4548A2}"
EndProject
Project("{2150E333-8FDC-42A3-9474-1A3956D46DE8}") = "Dependencies", "Dependencies", "{B6880806-2319-49D0-BBD7-037E389ECCF8}"
EndProject
Global
	GlobalSection(SolutionConfigurationPlatforms) = preSolution
		Debug|Any CPU = Debug|Any CPU
		Debug|x86 = Debug|x86
		Release|Any CPU = Release|Any CPU
		Release|x86 = Release|x86
	EndGlobalSection
	GlobalSection(ProjectConfigurationPlatforms) = postSolution
		{40F9FEF7-08C2-4B97-8346-1CFC7000F561}.Debug|Any CPU.ActiveCfg = Debug|Any CPU
		{40F9FEF7-08C2-4B97-8346-1CFC7000F561}.Debug|Any CPU.Build.0 = Debug|Any CPU
		{40F9FEF7-08C2-4B97-8346-1CFC7000F561}.Debug|x86.ActiveCfg = Debug|Any CPU
		{40F9FEF7-08C2-4B97-8346-1CFC7000F561}.Release|Any CPU.ActiveCfg = Release|Any CPU
		{40F9FEF7-08C2-4B97-8346-1CFC7000F561}.Release|Any CPU.Build.0 = Release|Any CPU
		{40F9FEF7-08C2-4B97-8346-1CFC7000F561}.Release|x86.ActiveCfg = Release|Any CPU
		{118E40C4-323E-4B4B-8EF4-38EED6CC5E83}.Debug|Any CPU.ActiveCfg = Debug|Any CPU
		{118E40C4-323E-4B4B-8EF4-38EED6CC5E83}.Debug|Any CPU.Build.0 = Debug|Any CPU
		{118E40C4-323E-4B4B-8EF4-38EED6CC5E83}.Debug|x86.ActiveCfg = Debug|Any CPU
		{118E40C4-323E-4B4B-8EF4-38EED6CC5E83}.Release|Any CPU.ActiveCfg = Release|Any CPU
		{118E40C4-323E-4B4B-8EF4-38EED6CC5E83}.Release|Any CPU.Build.0 = Release|Any CPU
		{118E40C4-323E-4B4B-8EF4-38EED6CC5E83}.Release|x86.ActiveCfg = Release|Any CPU
		{FE016EA3-DC31-4A92-8B0A-8C746EC117E1}.Debug|Any CPU.ActiveCfg = Debug|Any CPU
		{FE016EA3-DC31-4A92-8B0A-8C746EC117E1}.Debug|Any CPU.Build.0 = Debug|Any CPU
		{FE016EA3-DC31-4A92-8B0A-8C746EC117E1}.Debug|x86.ActiveCfg = Debug|Any CPU
		{FE016EA3-DC31-4A92-8B0A-8C746EC117E1}.Release|Any CPU.ActiveCfg = Release|Any CPU
		{FE016EA3-DC31-4A92-8B0A-8C746EC117E1}.Release|Any CPU.Build.0 = Release|Any CPU
		{FE016EA3-DC31-4A92-8B0A-8C746EC117E1}.Release|x86.ActiveCfg = Release|Any CPU
		{22CDF0F1-806D-4CBF-BB1E-C32014FF6503}.Debug|Any CPU.ActiveCfg = Debug|Any CPU
		{22CDF0F1-806D-4CBF-BB1E-C32014FF6503}.Debug|Any CPU.Build.0 = Debug|Any CPU
		{22CDF0F1-806D-4CBF-BB1E-C32014FF6503}.Debug|x86.ActiveCfg = Debug|Any CPU
		{22CDF0F1-806D-4CBF-BB1E-C32014FF6503}.Release|Any CPU.ActiveCfg = Release|Any CPU
		{22CDF0F1-806D-4CBF-BB1E-C32014FF6503}.Release|Any CPU.Build.0 = Release|Any CPU
		{22CDF0F1-806D-4CBF-BB1E-C32014FF6503}.Release|x86.ActiveCfg = Release|Any CPU
		{617D9EB5-CA93-45D6-AA6B-5A012B7698AC}.Debug|Any CPU.ActiveCfg = Debug|Any CPU
		{617D9EB5-CA93-45D6-AA6B-5A012B7698AC}.Debug|Any CPU.Build.0 = Debug|Any CPU
		{617D9EB5-CA93-45D6-AA6B-5A012B7698AC}.Debug|x86.ActiveCfg = Debug|x86
		{617D9EB5-CA93-45D6-AA6B-5A012B7698AC}.Debug|x86.Build.0 = Debug|x86
		{617D9EB5-CA93-45D6-AA6B-5A012B7698AC}.Release|Any CPU.ActiveCfg = Release|Any CPU
		{617D9EB5-CA93-45D6-AA6B-5A012B7698AC}.Release|Any CPU.Build.0 = Release|Any CPU
		{617D9EB5-CA93-45D6-AA6B-5A012B7698AC}.Release|x86.ActiveCfg = Release|x86
		{617D9EB5-CA93-45D6-AA6B-5A012B7698AC}.Release|x86.Build.0 = Release|x86
		{72822283-8F81-4705-9D67-9A2335981C80}.Debug|Any CPU.ActiveCfg = Debug|Any CPU
		{72822283-8F81-4705-9D67-9A2335981C80}.Debug|Any CPU.Build.0 = Debug|Any CPU
		{72822283-8F81-4705-9D67-9A2335981C80}.Debug|x86.ActiveCfg = Debug|Any CPU
		{72822283-8F81-4705-9D67-9A2335981C80}.Release|Any CPU.ActiveCfg = Release|Any CPU
		{72822283-8F81-4705-9D67-9A2335981C80}.Release|Any CPU.Build.0 = Release|Any CPU
		{72822283-8F81-4705-9D67-9A2335981C80}.Release|x86.ActiveCfg = Release|Any CPU
		{B25C5146-C3C1-48F2-B0AC-0CE7A3358CF7}.Debug|Any CPU.ActiveCfg = Debug|Any CPU
		{B25C5146-C3C1-48F2-B0AC-0CE7A3358CF7}.Debug|Any CPU.Build.0 = Debug|Any CPU
		{B25C5146-C3C1-48F2-B0AC-0CE7A3358CF7}.Debug|x86.ActiveCfg = Debug|Any CPU
		{B25C5146-C3C1-48F2-B0AC-0CE7A3358CF7}.Release|Any CPU.ActiveCfg = Release|Any CPU
		{B25C5146-C3C1-48F2-B0AC-0CE7A3358CF7}.Release|Any CPU.Build.0 = Release|Any CPU
		{B25C5146-C3C1-48F2-B0AC-0CE7A3358CF7}.Release|x86.ActiveCfg = Release|Any CPU
		{ED627DF7-3E78-4428-AB31-810BA1586E62}.Debug|Any CPU.ActiveCfg = Debug|Any CPU
		{ED627DF7-3E78-4428-AB31-810BA1586E62}.Debug|Any CPU.Build.0 = Debug|Any CPU
		{ED627DF7-3E78-4428-AB31-810BA1586E62}.Debug|x86.ActiveCfg = Debug|Any CPU
		{ED627DF7-3E78-4428-AB31-810BA1586E62}.Release|Any CPU.ActiveCfg = Release|Any CPU
		{ED627DF7-3E78-4428-AB31-810BA1586E62}.Release|Any CPU.Build.0 = Release|Any CPU
		{ED627DF7-3E78-4428-AB31-810BA1586E62}.Release|x86.ActiveCfg = Release|Any CPU
		{BE4D0BA3-0888-42A5-9C09-FC308A4509D2}.Debug|Any CPU.ActiveCfg = Debug|Any CPU
		{BE4D0BA3-0888-42A5-9C09-FC308A4509D2}.Debug|Any CPU.Build.0 = Debug|Any CPU
		{BE4D0BA3-0888-42A5-9C09-FC308A4509D2}.Debug|x86.ActiveCfg = Debug|Any CPU
		{BE4D0BA3-0888-42A5-9C09-FC308A4509D2}.Release|Any CPU.ActiveCfg = Release|Any CPU
		{BE4D0BA3-0888-42A5-9C09-FC308A4509D2}.Release|Any CPU.Build.0 = Release|Any CPU
		{BE4D0BA3-0888-42A5-9C09-FC308A4509D2}.Release|x86.ActiveCfg = Release|Any CPU
		{4FD9DB1D-76AA-48D1-8446-95376C4A2BC2}.Debug|Any CPU.ActiveCfg = Debug|Any CPU
		{4FD9DB1D-76AA-48D1-8446-95376C4A2BC2}.Debug|Any CPU.Build.0 = Debug|Any CPU
		{4FD9DB1D-76AA-48D1-8446-95376C4A2BC2}.Debug|x86.ActiveCfg = Debug|Any CPU
		{4FD9DB1D-76AA-48D1-8446-95376C4A2BC2}.Release|Any CPU.ActiveCfg = Release|Any CPU
		{4FD9DB1D-76AA-48D1-8446-95376C4A2BC2}.Release|Any CPU.Build.0 = Release|Any CPU
		{4FD9DB1D-76AA-48D1-8446-95376C4A2BC2}.Release|x86.ActiveCfg = Release|Any CPU
		{AF46D67F-5172-40E9-A0E5-7A25BDF874FD}.Debug|Any CPU.ActiveCfg = Debug|Any CPU
		{AF46D67F-5172-40E9-A0E5-7A25BDF874FD}.Debug|Any CPU.Build.0 = Debug|Any CPU
		{AF46D67F-5172-40E9-A0E5-7A25BDF874FD}.Debug|x86.ActiveCfg = Debug|Any CPU
		{AF46D67F-5172-40E9-A0E5-7A25BDF874FD}.Release|Any CPU.ActiveCfg = Release|Any CPU
		{AF46D67F-5172-40E9-A0E5-7A25BDF874FD}.Release|Any CPU.Build.0 = Release|Any CPU
		{AF46D67F-5172-40E9-A0E5-7A25BDF874FD}.Release|x86.ActiveCfg = Release|Any CPU
		{E0897B7B-617A-4709-A4C6-FC0F6B441B2A}.Debug|Any CPU.ActiveCfg = Debug|Any CPU
		{E0897B7B-617A-4709-A4C6-FC0F6B441B2A}.Debug|Any CPU.Build.0 = Debug|Any CPU
		{E0897B7B-617A-4709-A4C6-FC0F6B441B2A}.Debug|x86.ActiveCfg = Debug|Any CPU
		{E0897B7B-617A-4709-A4C6-FC0F6B441B2A}.Release|Any CPU.ActiveCfg = Release|Any CPU
		{E0897B7B-617A-4709-A4C6-FC0F6B441B2A}.Release|Any CPU.Build.0 = Release|Any CPU
		{E0897B7B-617A-4709-A4C6-FC0F6B441B2A}.Release|x86.ActiveCfg = Release|Any CPU
		{282F6754-975A-459C-99F1-C02E94B89FCE}.Debug|Any CPU.ActiveCfg = Debug|Any CPU
		{282F6754-975A-459C-99F1-C02E94B89FCE}.Debug|Any CPU.Build.0 = Debug|Any CPU
		{282F6754-975A-459C-99F1-C02E94B89FCE}.Debug|x86.ActiveCfg = Debug|Any CPU
		{282F6754-975A-459C-99F1-C02E94B89FCE}.Release|Any CPU.ActiveCfg = Release|Any CPU
		{282F6754-975A-459C-99F1-C02E94B89FCE}.Release|Any CPU.Build.0 = Release|Any CPU
		{282F6754-975A-459C-99F1-C02E94B89FCE}.Release|x86.ActiveCfg = Release|Any CPU
		{6184C22E-52E8-4C92-B0D0-0424FC84AD99}.Debug|Any CPU.ActiveCfg = Debug|Any CPU
		{6184C22E-52E8-4C92-B0D0-0424FC84AD99}.Debug|Any CPU.Build.0 = Debug|Any CPU
		{6184C22E-52E8-4C92-B0D0-0424FC84AD99}.Debug|x86.ActiveCfg = Debug|Any CPU
		{6184C22E-52E8-4C92-B0D0-0424FC84AD99}.Release|Any CPU.ActiveCfg = Release|Any CPU
		{6184C22E-52E8-4C92-B0D0-0424FC84AD99}.Release|Any CPU.Build.0 = Release|Any CPU
		{6184C22E-52E8-4C92-B0D0-0424FC84AD99}.Release|x86.ActiveCfg = Release|Any CPU
		{091FA5BB-751E-4DB5-A999-7B18B619723A}.Debug|Any CPU.ActiveCfg = Debug|Any CPU
		{091FA5BB-751E-4DB5-A999-7B18B619723A}.Debug|Any CPU.Build.0 = Debug|Any CPU
		{091FA5BB-751E-4DB5-A999-7B18B619723A}.Debug|x86.ActiveCfg = Debug|Any CPU
		{091FA5BB-751E-4DB5-A999-7B18B619723A}.Release|Any CPU.ActiveCfg = Release|Any CPU
		{091FA5BB-751E-4DB5-A999-7B18B619723A}.Release|Any CPU.Build.0 = Release|Any CPU
		{091FA5BB-751E-4DB5-A999-7B18B619723A}.Release|x86.ActiveCfg = Release|Any CPU
		{540D3CCC-49A0-4336-8BD2-6AE3F48CCA12}.Debug|Any CPU.ActiveCfg = Debug|Any CPU
		{540D3CCC-49A0-4336-8BD2-6AE3F48CCA12}.Debug|Any CPU.Build.0 = Debug|Any CPU
		{540D3CCC-49A0-4336-8BD2-6AE3F48CCA12}.Debug|x86.ActiveCfg = Debug|Any CPU
		{540D3CCC-49A0-4336-8BD2-6AE3F48CCA12}.Release|Any CPU.ActiveCfg = Release|Any CPU
		{540D3CCC-49A0-4336-8BD2-6AE3F48CCA12}.Release|Any CPU.Build.0 = Release|Any CPU
		{540D3CCC-49A0-4336-8BD2-6AE3F48CCA12}.Release|x86.ActiveCfg = Release|Any CPU
		{FEC4EAD0-8A6E-4029-A537-EBD9F420B227}.Debug|Any CPU.ActiveCfg = Debug|Any CPU
		{FEC4EAD0-8A6E-4029-A537-EBD9F420B227}.Debug|Any CPU.Build.0 = Debug|Any CPU
		{FEC4EAD0-8A6E-4029-A537-EBD9F420B227}.Debug|x86.ActiveCfg = Debug|Any CPU
		{FEC4EAD0-8A6E-4029-A537-EBD9F420B227}.Release|Any CPU.ActiveCfg = Release|Any CPU
		{FEC4EAD0-8A6E-4029-A537-EBD9F420B227}.Release|Any CPU.Build.0 = Release|Any CPU
		{FEC4EAD0-8A6E-4029-A537-EBD9F420B227}.Release|x86.ActiveCfg = Release|Any CPU
		{BCBB72BD-0ECB-4FF2-8D91-E466361FB6F9}.Debug|Any CPU.ActiveCfg = Debug|Any CPU
		{BCBB72BD-0ECB-4FF2-8D91-E466361FB6F9}.Debug|Any CPU.Build.0 = Debug|Any CPU
		{BCBB72BD-0ECB-4FF2-8D91-E466361FB6F9}.Debug|x86.ActiveCfg = Debug|Any CPU
		{BCBB72BD-0ECB-4FF2-8D91-E466361FB6F9}.Release|Any CPU.ActiveCfg = Release|Any CPU
		{BCBB72BD-0ECB-4FF2-8D91-E466361FB6F9}.Release|Any CPU.Build.0 = Release|Any CPU
		{BCBB72BD-0ECB-4FF2-8D91-E466361FB6F9}.Release|x86.ActiveCfg = Release|Any CPU
		{D3BBDA07-5088-454E-A16D-DA24D8D88037}.Debug|Any CPU.ActiveCfg = Debug|Any CPU
		{D3BBDA07-5088-454E-A16D-DA24D8D88037}.Debug|Any CPU.Build.0 = Debug|Any CPU
		{D3BBDA07-5088-454E-A16D-DA24D8D88037}.Debug|x86.ActiveCfg = Debug|Any CPU
		{D3BBDA07-5088-454E-A16D-DA24D8D88037}.Release|Any CPU.ActiveCfg = Release|Any CPU
		{D3BBDA07-5088-454E-A16D-DA24D8D88037}.Release|Any CPU.Build.0 = Release|Any CPU
		{D3BBDA07-5088-454E-A16D-DA24D8D88037}.Release|x86.ActiveCfg = Release|Any CPU
		{A92D520B-FFA3-4464-8CF6-474D18959E03}.Debug|Any CPU.ActiveCfg = Debug|Any CPU
		{A92D520B-FFA3-4464-8CF6-474D18959E03}.Debug|Any CPU.Build.0 = Debug|Any CPU
		{A92D520B-FFA3-4464-8CF6-474D18959E03}.Debug|x86.ActiveCfg = Debug|Any CPU
		{A92D520B-FFA3-4464-8CF6-474D18959E03}.Release|Any CPU.ActiveCfg = Release|Any CPU
		{A92D520B-FFA3-4464-8CF6-474D18959E03}.Release|Any CPU.Build.0 = Release|Any CPU
		{A92D520B-FFA3-4464-8CF6-474D18959E03}.Release|x86.ActiveCfg = Release|Any CPU
		{8622EBC4-8E20-476E-B284-33D472081F5C}.Debug|Any CPU.ActiveCfg = Debug|Any CPU
		{8622EBC4-8E20-476E-B284-33D472081F5C}.Debug|Any CPU.Build.0 = Debug|Any CPU
		{8622EBC4-8E20-476E-B284-33D472081F5C}.Debug|x86.ActiveCfg = Debug|Any CPU
		{8622EBC4-8E20-476E-B284-33D472081F5C}.Release|Any CPU.ActiveCfg = Release|Any CPU
		{8622EBC4-8E20-476E-B284-33D472081F5C}.Release|Any CPU.Build.0 = Release|Any CPU
		{8622EBC4-8E20-476E-B284-33D472081F5C}.Release|x86.ActiveCfg = Release|Any CPU
		{369CFD53-3E65-4A9E-8BDD-4CCD78BF3E33}.Debug|Any CPU.ActiveCfg = Debug|Any CPU
		{369CFD53-3E65-4A9E-8BDD-4CCD78BF3E33}.Debug|Any CPU.Build.0 = Debug|Any CPU
		{369CFD53-3E65-4A9E-8BDD-4CCD78BF3E33}.Debug|x86.ActiveCfg = Debug|Any CPU
		{369CFD53-3E65-4A9E-8BDD-4CCD78BF3E33}.Release|Any CPU.ActiveCfg = Release|Any CPU
		{369CFD53-3E65-4A9E-8BDD-4CCD78BF3E33}.Release|Any CPU.Build.0 = Release|Any CPU
		{369CFD53-3E65-4A9E-8BDD-4CCD78BF3E33}.Release|x86.ActiveCfg = Release|Any CPU
		{9B59F3A2-F2D2-408C-9BB4-6980546CF841}.Debug|Any CPU.ActiveCfg = Debug|Any CPU
		{9B59F3A2-F2D2-408C-9BB4-6980546CF841}.Debug|Any CPU.Build.0 = Debug|Any CPU
		{9B59F3A2-F2D2-408C-9BB4-6980546CF841}.Debug|x86.ActiveCfg = Debug|Any CPU
		{9B59F3A2-F2D2-408C-9BB4-6980546CF841}.Release|Any CPU.ActiveCfg = Release|Any CPU
		{9B59F3A2-F2D2-408C-9BB4-6980546CF841}.Release|Any CPU.Build.0 = Release|Any CPU
		{9B59F3A2-F2D2-408C-9BB4-6980546CF841}.Release|x86.ActiveCfg = Release|Any CPU
		{0B359B15-3E70-4E33-892A-C7FEB3AF961D}.Debug|Any CPU.ActiveCfg = Debug|Any CPU
		{0B359B15-3E70-4E33-892A-C7FEB3AF961D}.Debug|Any CPU.Build.0 = Debug|Any CPU
		{0B359B15-3E70-4E33-892A-C7FEB3AF961D}.Debug|x86.ActiveCfg = Debug|Any CPU
		{0B359B15-3E70-4E33-892A-C7FEB3AF961D}.Release|Any CPU.ActiveCfg = Release|Any CPU
		{0B359B15-3E70-4E33-892A-C7FEB3AF961D}.Release|Any CPU.Build.0 = Release|Any CPU
		{0B359B15-3E70-4E33-892A-C7FEB3AF961D}.Release|x86.ActiveCfg = Release|Any CPU
		{10B9B771-9939-4D0B-8D47-501B6F60209F}.Debug|Any CPU.ActiveCfg = Debug|Any CPU
		{10B9B771-9939-4D0B-8D47-501B6F60209F}.Debug|Any CPU.Build.0 = Debug|Any CPU
		{10B9B771-9939-4D0B-8D47-501B6F60209F}.Debug|x86.ActiveCfg = Debug|Any CPU
		{10B9B771-9939-4D0B-8D47-501B6F60209F}.Release|Any CPU.ActiveCfg = Release|Any CPU
		{10B9B771-9939-4D0B-8D47-501B6F60209F}.Release|Any CPU.Build.0 = Release|Any CPU
		{10B9B771-9939-4D0B-8D47-501B6F60209F}.Release|x86.ActiveCfg = Release|Any CPU
		{828C6BB6-3543-4EAF-B0F9-F11410AE8836}.Debug|Any CPU.ActiveCfg = Debug|Any CPU
		{828C6BB6-3543-4EAF-B0F9-F11410AE8836}.Debug|Any CPU.Build.0 = Debug|Any CPU
		{828C6BB6-3543-4EAF-B0F9-F11410AE8836}.Debug|x86.ActiveCfg = Debug|Any CPU
		{828C6BB6-3543-4EAF-B0F9-F11410AE8836}.Release|Any CPU.ActiveCfg = Release|Any CPU
		{828C6BB6-3543-4EAF-B0F9-F11410AE8836}.Release|Any CPU.Build.0 = Release|Any CPU
		{828C6BB6-3543-4EAF-B0F9-F11410AE8836}.Release|x86.ActiveCfg = Release|Any CPU
	EndGlobalSection
	GlobalSection(SolutionProperties) = preSolution
		HideSolutionNode = FALSE
	EndGlobalSection
	GlobalSection(NestedProjects) = preSolution
		{FEC4EAD0-8A6E-4029-A537-EBD9F420B227} = {A48F6C05-E8CE-4D3B-A477-BAAACF4548A2}
		{828C6BB6-3543-4EAF-B0F9-F11410AE8836} = {A48F6C05-E8CE-4D3B-A477-BAAACF4548A2}
		{D3BBDA07-5088-454E-A16D-DA24D8D88037} = {A48F6C05-E8CE-4D3B-A477-BAAACF4548A2}
		{10B9B771-9939-4D0B-8D47-501B6F60209F} = {A48F6C05-E8CE-4D3B-A477-BAAACF4548A2}
		{BE4D0BA3-0888-42A5-9C09-FC308A4509D2} = {A48F6C05-E8CE-4D3B-A477-BAAACF4548A2}
		{369CFD53-3E65-4A9E-8BDD-4CCD78BF3E33} = {A48F6C05-E8CE-4D3B-A477-BAAACF4548A2}
		{4FD9DB1D-76AA-48D1-8446-95376C4A2BC2} = {A48F6C05-E8CE-4D3B-A477-BAAACF4548A2}
		{617D9EB5-CA93-45D6-AA6B-5A012B7698AC} = {B6880806-2319-49D0-BBD7-037E389ECCF8}
		{ED627DF7-3E78-4428-AB31-810BA1586E62} = {B6880806-2319-49D0-BBD7-037E389ECCF8}
		{540D3CCC-49A0-4336-8BD2-6AE3F48CCA12} = {B6880806-2319-49D0-BBD7-037E389ECCF8}
		{9B59F3A2-F2D2-408C-9BB4-6980546CF841} = {B6880806-2319-49D0-BBD7-037E389ECCF8}
		{FE016EA3-DC31-4A92-8B0A-8C746EC117E1} = {B6880806-2319-49D0-BBD7-037E389ECCF8}
		{0B359B15-3E70-4E33-892A-C7FEB3AF961D} = {B6880806-2319-49D0-BBD7-037E389ECCF8}
		{AF46D67F-5172-40E9-A0E5-7A25BDF874FD} = {B6880806-2319-49D0-BBD7-037E389ECCF8}
		{E0897B7B-617A-4709-A4C6-FC0F6B441B2A} = {B6880806-2319-49D0-BBD7-037E389ECCF8}
		{A92D520B-FFA3-4464-8CF6-474D18959E03} = {B6880806-2319-49D0-BBD7-037E389ECCF8}
		{8622EBC4-8E20-476E-B284-33D472081F5C} = {B6880806-2319-49D0-BBD7-037E389ECCF8}
		{BCBB72BD-0ECB-4FF2-8D91-E466361FB6F9} = {B6880806-2319-49D0-BBD7-037E389ECCF8}
		{118E40C4-323E-4B4B-8EF4-38EED6CC5E83} = {B6880806-2319-49D0-BBD7-037E389ECCF8}
		{22CDF0F1-806D-4CBF-BB1E-C32014FF6503} = {B6880806-2319-49D0-BBD7-037E389ECCF8}
		{72822283-8F81-4705-9D67-9A2335981C80} = {B6880806-2319-49D0-BBD7-037E389ECCF8}
	EndGlobalSection
	GlobalSection(MonoDevelopProperties) = preSolution
		StartupItem = Concertroid.RemoteControl\Concertroid.RemoteControl.csproj
		Policies = $0
		$0.TextStylePolicy = $4
		$1.inheritsSet = null
		$1.scope = text/x-csharp
		$0.CSharpFormattingPolicy = $2
		$2.inheritsSet = Mono
		$2.inheritsScope = text/x-csharp
		$2.scope = text/x-csharp
		$3.FileWidth = 120
		$3.TabWidth = 4
		$3.inheritsSet = Mono
		$3.inheritsScope = text/plain
		$3.scope = text/plain
		$4.inheritsSet = null
		$4.scope = application/x-resource
		$0.StandardHeader = $5
		$5.Text = @ <one line to give the program's name and a brief idea of what it does.>\n Copyright (c) 2011-2012 Michael Becker\n\n This program is free software: you can redistribute it and/or modify\n it under the terms of the GNU General Public License as published by\n the Free Software Foundation, either version 3 of the License, or\n (at your option) any later version.\n\n This program is distributed in the hope that it will be useful,\n but WITHOUT ANY WARRANTY; without even the implied warranty of\n MERCHANTABILITY or FITNESS FOR A PARTICULAR PURPOSE.  See the\n GNU General Public License for more details.\n\n You should have received a copy of the GNU General Public License\n along with this program.  If not, see <http://www.gnu.org/licenses/>.
		$5.inheritsSet = Apache2License
	EndGlobalSection
EndGlobal
